// !$*UTF8*$!
{
	archiveVersion = 1;
	classes = {
	};
	objectVersion = 56;
	objects = {

/* Begin PBXBuildFile section */
		05B4C59329C1A62300254481 /* AppDelegate.swift in Sources */ = {isa = PBXBuildFile; fileRef = 05B4C59229C1A62300254481 /* AppDelegate.swift */; };
		05B4C59529C1A62300254481 /* SceneDelegate.swift in Sources */ = {isa = PBXBuildFile; fileRef = 05B4C59429C1A62300254481 /* SceneDelegate.swift */; };
		05B4C59729C1A62300254481 /* ViewController.swift in Sources */ = {isa = PBXBuildFile; fileRef = 05B4C59629C1A62300254481 /* ViewController.swift */; };
		05B4C59A29C1A62300254481 /* Main.storyboard in Resources */ = {isa = PBXBuildFile; fileRef = 05B4C59829C1A62300254481 /* Main.storyboard */; };
		05B4C59C29C1A62600254481 /* Assets.xcassets in Resources */ = {isa = PBXBuildFile; fileRef = 05B4C59B29C1A62600254481 /* Assets.xcassets */; };
		05B4C59F29C1A62600254481 /* LaunchScreen.storyboard in Resources */ = {isa = PBXBuildFile; fileRef = 05B4C59D29C1A62600254481 /* LaunchScreen.storyboard */; };
		05B4C5AA29C1A62600254481 /* CryozestTests.swift in Sources */ = {isa = PBXBuildFile; fileRef = 05B4C5A929C1A62600254481 /* CryozestTests.swift */; };
		05B4C5B429C1A62700254481 /* CryozestUITests.swift in Sources */ = {isa = PBXBuildFile; fileRef = 05B4C5B329C1A62700254481 /* CryozestUITests.swift */; };
		05B4C5B629C1A62700254481 /* CryozestUITestsLaunchTests.swift in Sources */ = {isa = PBXBuildFile; fileRef = 05B4C5B529C1A62700254481 /* CryozestUITestsLaunchTests.swift */; };
		05B4C5C329C1AAF300254481 /* LogbookViewController.swift in Sources */ = {isa = PBXBuildFile; fileRef = 05B4C5C229C1AAF300254481 /* LogbookViewController.swift */; };
		05B4C5C729C2697700254481 /* SessionTableViewCell.swift in Sources */ = {isa = PBXBuildFile; fileRef = 05B4C5C629C2697700254481 /* SessionTableViewCell.swift */; };
/* End PBXBuildFile section */

/* Begin PBXContainerItemProxy section */
		05B4C5A629C1A62600254481 /* PBXContainerItemProxy */ = {
			isa = PBXContainerItemProxy;
			containerPortal = 05B4C58729C1A62300254481 /* Project object */;
			proxyType = 1;
			remoteGlobalIDString = 05B4C58E29C1A62300254481;
			remoteInfo = Cryozest;
		};
		05B4C5B029C1A62700254481 /* PBXContainerItemProxy */ = {
			isa = PBXContainerItemProxy;
			containerPortal = 05B4C58729C1A62300254481 /* Project object */;
			proxyType = 1;
			remoteGlobalIDString = 05B4C58E29C1A62300254481;
			remoteInfo = Cryozest;
		};
/* End PBXContainerItemProxy section */

/* Begin PBXFileReference section */
		05B4C58F29C1A62300254481 /* Cryozest.app */ = {isa = PBXFileReference; explicitFileType = wrapper.application; includeInIndex = 0; path = Cryozest.app; sourceTree = BUILT_PRODUCTS_DIR; };
		05B4C59229C1A62300254481 /* AppDelegate.swift */ = {isa = PBXFileReference; lastKnownFileType = sourcecode.swift; path = AppDelegate.swift; sourceTree = "<group>"; };
		05B4C59429C1A62300254481 /* SceneDelegate.swift */ = {isa = PBXFileReference; lastKnownFileType = sourcecode.swift; path = SceneDelegate.swift; sourceTree = "<group>"; };
		05B4C59629C1A62300254481 /* ViewController.swift */ = {isa = PBXFileReference; lastKnownFileType = sourcecode.swift; path = ViewController.swift; sourceTree = "<group>"; };
		05B4C59929C1A62300254481 /* Base */ = {isa = PBXFileReference; lastKnownFileType = file.storyboard; name = Base; path = Base.lproj/Main.storyboard; sourceTree = "<group>"; };
		05B4C59B29C1A62600254481 /* Assets.xcassets */ = {isa = PBXFileReference; lastKnownFileType = folder.assetcatalog; path = Assets.xcassets; sourceTree = "<group>"; };
		05B4C59E29C1A62600254481 /* Base */ = {isa = PBXFileReference; lastKnownFileType = file.storyboard; name = Base; path = Base.lproj/LaunchScreen.storyboard; sourceTree = "<group>"; };
		05B4C5A029C1A62600254481 /* Info.plist */ = {isa = PBXFileReference; lastKnownFileType = text.plist.xml; path = Info.plist; sourceTree = "<group>"; };
		05B4C5A529C1A62600254481 /* CryozestTests.xctest */ = {isa = PBXFileReference; explicitFileType = wrapper.cfbundle; includeInIndex = 0; path = CryozestTests.xctest; sourceTree = BUILT_PRODUCTS_DIR; };
		05B4C5A929C1A62600254481 /* CryozestTests.swift */ = {isa = PBXFileReference; lastKnownFileType = sourcecode.swift; path = CryozestTests.swift; sourceTree = "<group>"; };
		05B4C5AF29C1A62700254481 /* CryozestUITests.xctest */ = {isa = PBXFileReference; explicitFileType = wrapper.cfbundle; includeInIndex = 0; path = CryozestUITests.xctest; sourceTree = BUILT_PRODUCTS_DIR; };
		05B4C5B329C1A62700254481 /* CryozestUITests.swift */ = {isa = PBXFileReference; lastKnownFileType = sourcecode.swift; path = CryozestUITests.swift; sourceTree = "<group>"; };
		05B4C5B529C1A62700254481 /* CryozestUITestsLaunchTests.swift */ = {isa = PBXFileReference; lastKnownFileType = sourcecode.swift; path = CryozestUITestsLaunchTests.swift; sourceTree = "<group>"; };
		05B4C5C229C1AAF300254481 /* LogbookViewController.swift */ = {isa = PBXFileReference; lastKnownFileType = sourcecode.swift; path = LogbookViewController.swift; sourceTree = "<group>"; };
		05B4C5C629C2697700254481 /* SessionTableViewCell.swift */ = {isa = PBXFileReference; lastKnownFileType = sourcecode.swift; path = SessionTableViewCell.swift; sourceTree = "<group>"; };
/* End PBXFileReference section */

/* Begin PBXFrameworksBuildPhase section */
		05B4C58C29C1A62300254481 /* Frameworks */ = {
			isa = PBXFrameworksBuildPhase;
			buildActionMask = 2147483647;
			files = (
			);
			runOnlyForDeploymentPostprocessing = 0;
		};
		05B4C5A229C1A62600254481 /* Frameworks */ = {
			isa = PBXFrameworksBuildPhase;
			buildActionMask = 2147483647;
			files = (
			);
			runOnlyForDeploymentPostprocessing = 0;
		};
		05B4C5AC29C1A62700254481 /* Frameworks */ = {
			isa = PBXFrameworksBuildPhase;
			buildActionMask = 2147483647;
			files = (
			);
			runOnlyForDeploymentPostprocessing = 0;
		};
/* End PBXFrameworksBuildPhase section */

/* Begin PBXGroup section */
		05B4C58629C1A62300254481 = {
			isa = PBXGroup;
			children = (
				05B4C59129C1A62300254481 /* Cryozest */,
				05B4C5A829C1A62600254481 /* CryozestTests */,
				05B4C5B229C1A62700254481 /* CryozestUITests */,
				05B4C59029C1A62300254481 /* Products */,
			);
			sourceTree = "<group>";
		};
		05B4C59029C1A62300254481 /* Products */ = {
			isa = PBXGroup;
			children = (
				05B4C58F29C1A62300254481 /* Cryozest.app */,
				05B4C5A529C1A62600254481 /* CryozestTests.xctest */,
				05B4C5AF29C1A62700254481 /* CryozestUITests.xctest */,
			);
			name = Products;
			sourceTree = "<group>";
		};
		05B4C59129C1A62300254481 /* Cryozest */ = {
			isa = PBXGroup;
			children = (
				05B4C59229C1A62300254481 /* AppDelegate.swift */,
				05B4C59429C1A62300254481 /* SceneDelegate.swift */,
				05B4C59629C1A62300254481 /* ViewController.swift */,
				05B4C5C229C1AAF300254481 /* LogbookViewController.swift */,
				05B4C59829C1A62300254481 /* Main.storyboard */,
				05B4C5C629C2697700254481 /* SessionTableViewCell.swift */,
				05B4C59B29C1A62600254481 /* Assets.xcassets */,
				05B4C59D29C1A62600254481 /* LaunchScreen.storyboard */,
				05B4C5A029C1A62600254481 /* Info.plist */,
			);
			path = Cryozest;
			sourceTree = "<group>";
		};
		05B4C5A829C1A62600254481 /* CryozestTests */ = {
			isa = PBXGroup;
			children = (
				05B4C5A929C1A62600254481 /* CryozestTests.swift */,
			);
			path = CryozestTests;
			sourceTree = "<group>";
		};
		05B4C5B229C1A62700254481 /* CryozestUITests */ = {
			isa = PBXGroup;
			children = (
				05B4C5B329C1A62700254481 /* CryozestUITests.swift */,
				05B4C5B529C1A62700254481 /* CryozestUITestsLaunchTests.swift */,
			);
			path = CryozestUITests;
			sourceTree = "<group>";
		};
/* End PBXGroup section */

/* Begin PBXNativeTarget section */
		05B4C58E29C1A62300254481 /* Cryozest */ = {
			isa = PBXNativeTarget;
			buildConfigurationList = 05B4C5B929C1A62700254481 /* Build configuration list for PBXNativeTarget "Cryozest" */;
			buildPhases = (
				05B4C58B29C1A62300254481 /* Sources */,
				05B4C58C29C1A62300254481 /* Frameworks */,
				05B4C58D29C1A62300254481 /* Resources */,
			);
			buildRules = (
			);
			dependencies = (
			);
			name = Cryozest;
			productName = Cryozest;
			productReference = 05B4C58F29C1A62300254481 /* Cryozest.app */;
			productType = "com.apple.product-type.application";
		};
		05B4C5A429C1A62600254481 /* CryozestTests */ = {
			isa = PBXNativeTarget;
			buildConfigurationList = 05B4C5BC29C1A62700254481 /* Build configuration list for PBXNativeTarget "CryozestTests" */;
			buildPhases = (
				05B4C5A129C1A62600254481 /* Sources */,
				05B4C5A229C1A62600254481 /* Frameworks */,
				05B4C5A329C1A62600254481 /* Resources */,
			);
			buildRules = (
			);
			dependencies = (
				05B4C5A729C1A62600254481 /* PBXTargetDependency */,
			);
			name = CryozestTests;
			productName = CryozestTests;
			productReference = 05B4C5A529C1A62600254481 /* CryozestTests.xctest */;
			productType = "com.apple.product-type.bundle.unit-test";
		};
		05B4C5AE29C1A62700254481 /* CryozestUITests */ = {
			isa = PBXNativeTarget;
			buildConfigurationList = 05B4C5BF29C1A62700254481 /* Build configuration list for PBXNativeTarget "CryozestUITests" */;
			buildPhases = (
				05B4C5AB29C1A62700254481 /* Sources */,
				05B4C5AC29C1A62700254481 /* Frameworks */,
				05B4C5AD29C1A62700254481 /* Resources */,
			);
			buildRules = (
			);
			dependencies = (
				05B4C5B129C1A62700254481 /* PBXTargetDependency */,
			);
			name = CryozestUITests;
			productName = CryozestUITests;
			productReference = 05B4C5AF29C1A62700254481 /* CryozestUITests.xctest */;
			productType = "com.apple.product-type.bundle.ui-testing";
		};
/* End PBXNativeTarget section */

/* Begin PBXProject section */
		05B4C58729C1A62300254481 /* Project object */ = {
			isa = PBXProject;
			attributes = {
				BuildIndependentTargetsInParallel = 1;
				LastSwiftUpdateCheck = 1420;
				LastUpgradeCheck = 1420;
				TargetAttributes = {
					05B4C58E29C1A62300254481 = {
						CreatedOnToolsVersion = 14.2;
					};
					05B4C5A429C1A62600254481 = {
						CreatedOnToolsVersion = 14.2;
						TestTargetID = 05B4C58E29C1A62300254481;
					};
					05B4C5AE29C1A62700254481 = {
						CreatedOnToolsVersion = 14.2;
						TestTargetID = 05B4C58E29C1A62300254481;
					};
				};
			};
			buildConfigurationList = 05B4C58A29C1A62300254481 /* Build configuration list for PBXProject "Cryozest" */;
			compatibilityVersion = "Xcode 14.0";
			developmentRegion = en;
			hasScannedForEncodings = 0;
			knownRegions = (
				en,
				Base,
			);
			mainGroup = 05B4C58629C1A62300254481;
			productRefGroup = 05B4C59029C1A62300254481 /* Products */;
			projectDirPath = "";
			projectRoot = "";
			targets = (
				05B4C58E29C1A62300254481 /* Cryozest */,
				05B4C5A429C1A62600254481 /* CryozestTests */,
				05B4C5AE29C1A62700254481 /* CryozestUITests */,
			);
		};
/* End PBXProject section */

/* Begin PBXResourcesBuildPhase section */
		05B4C58D29C1A62300254481 /* Resources */ = {
			isa = PBXResourcesBuildPhase;
			buildActionMask = 2147483647;
			files = (
				05B4C59F29C1A62600254481 /* LaunchScreen.storyboard in Resources */,
				05B4C59C29C1A62600254481 /* Assets.xcassets in Resources */,
				05B4C59A29C1A62300254481 /* Main.storyboard in Resources */,
			);
			runOnlyForDeploymentPostprocessing = 0;
		};
		05B4C5A329C1A62600254481 /* Resources */ = {
			isa = PBXResourcesBuildPhase;
			buildActionMask = 2147483647;
			files = (
			);
			runOnlyForDeploymentPostprocessing = 0;
		};
		05B4C5AD29C1A62700254481 /* Resources */ = {
			isa = PBXResourcesBuildPhase;
			buildActionMask = 2147483647;
			files = (
			);
			runOnlyForDeploymentPostprocessing = 0;
		};
/* End PBXResourcesBuildPhase section */

/* Begin PBXSourcesBuildPhase section */
		05B4C58B29C1A62300254481 /* Sources */ = {
			isa = PBXSourcesBuildPhase;
			buildActionMask = 2147483647;
			files = (
				05B4C59729C1A62300254481 /* ViewController.swift in Sources */,
				05B4C59329C1A62300254481 /* AppDelegate.swift in Sources */,
				05B4C5C729C2697700254481 /* SessionTableViewCell.swift in Sources */,
				05B4C5C329C1AAF300254481 /* LogbookViewController.swift in Sources */,
				05B4C59529C1A62300254481 /* SceneDelegate.swift in Sources */,
			);
			runOnlyForDeploymentPostprocessing = 0;
		};
		05B4C5A129C1A62600254481 /* Sources */ = {
			isa = PBXSourcesBuildPhase;
			buildActionMask = 2147483647;
			files = (
				05B4C5AA29C1A62600254481 /* CryozestTests.swift in Sources */,
			);
			runOnlyForDeploymentPostprocessing = 0;
		};
		05B4C5AB29C1A62700254481 /* Sources */ = {
			isa = PBXSourcesBuildPhase;
			buildActionMask = 2147483647;
			files = (
				05B4C5B629C1A62700254481 /* CryozestUITestsLaunchTests.swift in Sources */,
				05B4C5B429C1A62700254481 /* CryozestUITests.swift in Sources */,
			);
			runOnlyForDeploymentPostprocessing = 0;
		};
/* End PBXSourcesBuildPhase section */

/* Begin PBXTargetDependency section */
		05B4C5A729C1A62600254481 /* PBXTargetDependency */ = {
			isa = PBXTargetDependency;
			target = 05B4C58E29C1A62300254481 /* Cryozest */;
			targetProxy = 05B4C5A629C1A62600254481 /* PBXContainerItemProxy */;
		};
		05B4C5B129C1A62700254481 /* PBXTargetDependency */ = {
			isa = PBXTargetDependency;
			target = 05B4C58E29C1A62300254481 /* Cryozest */;
			targetProxy = 05B4C5B029C1A62700254481 /* PBXContainerItemProxy */;
		};
/* End PBXTargetDependency section */

/* Begin PBXVariantGroup section */
		05B4C59829C1A62300254481 /* Main.storyboard */ = {
			isa = PBXVariantGroup;
			children = (
				05B4C59929C1A62300254481 /* Base */,
			);
			name = Main.storyboard;
			sourceTree = "<group>";
		};
		05B4C59D29C1A62600254481 /* LaunchScreen.storyboard */ = {
			isa = PBXVariantGroup;
			children = (
				05B4C59E29C1A62600254481 /* Base */,
			);
			name = LaunchScreen.storyboard;
			sourceTree = "<group>";
		};
/* End PBXVariantGroup section */

/* Begin XCBuildConfiguration section */
		05B4C5B729C1A62700254481 /* Debug */ = {
			isa = XCBuildConfiguration;
			buildSettings = {
				ALWAYS_SEARCH_USER_PATHS = NO;
				CLANG_ANALYZER_NONNULL = YES;
				CLANG_ANALYZER_NUMBER_OBJECT_CONVERSION = YES_AGGRESSIVE;
				CLANG_CXX_LANGUAGE_STANDARD = "gnu++20";
				CLANG_ENABLE_MODULES = YES;
				CLANG_ENABLE_OBJC_ARC = YES;
				CLANG_ENABLE_OBJC_WEAK = YES;
				CLANG_WARN_BLOCK_CAPTURE_AUTORELEASING = YES;
				CLANG_WARN_BOOL_CONVERSION = YES;
				CLANG_WARN_COMMA = YES;
				CLANG_WARN_CONSTANT_CONVERSION = YES;
				CLANG_WARN_DEPRECATED_OBJC_IMPLEMENTATIONS = YES;
				CLANG_WARN_DIRECT_OBJC_ISA_USAGE = YES_ERROR;
				CLANG_WARN_DOCUMENTATION_COMMENTS = YES;
				CLANG_WARN_EMPTY_BODY = YES;
				CLANG_WARN_ENUM_CONVERSION = YES;
				CLANG_WARN_INFINITE_RECURSION = YES;
				CLANG_WARN_INT_CONVERSION = YES;
				CLANG_WARN_NON_LITERAL_NULL_CONVERSION = YES;
				CLANG_WARN_OBJC_IMPLICIT_RETAIN_SELF = YES;
				CLANG_WARN_OBJC_LITERAL_CONVERSION = YES;
				CLANG_WARN_OBJC_ROOT_CLASS = YES_ERROR;
				CLANG_WARN_QUOTED_INCLUDE_IN_FRAMEWORK_HEADER = YES;
				CLANG_WARN_RANGE_LOOP_ANALYSIS = YES;
				CLANG_WARN_STRICT_PROTOTYPES = YES;
				CLANG_WARN_SUSPICIOUS_MOVE = YES;
				CLANG_WARN_UNGUARDED_AVAILABILITY = YES_AGGRESSIVE;
				CLANG_WARN_UNREACHABLE_CODE = YES;
				CLANG_WARN__DUPLICATE_METHOD_MATCH = YES;
				COPY_PHASE_STRIP = NO;
				DEBUG_INFORMATION_FORMAT = dwarf;
				ENABLE_STRICT_OBJC_MSGSEND = YES;
				ENABLE_TESTABILITY = YES;
				GCC_C_LANGUAGE_STANDARD = gnu11;
				GCC_DYNAMIC_NO_PIC = NO;
				GCC_NO_COMMON_BLOCKS = YES;
				GCC_OPTIMIZATION_LEVEL = 0;
				GCC_PREPROCESSOR_DEFINITIONS = (
					"DEBUG=1",
					"$(inherited)",
				);
				GCC_WARN_64_TO_32_BIT_CONVERSION = YES;
				GCC_WARN_ABOUT_RETURN_TYPE = YES_ERROR;
				GCC_WARN_UNDECLARED_SELECTOR = YES;
				GCC_WARN_UNINITIALIZED_AUTOS = YES_AGGRESSIVE;
				GCC_WARN_UNUSED_FUNCTION = YES;
				GCC_WARN_UNUSED_VARIABLE = YES;
				IPHONEOS_DEPLOYMENT_TARGET = 16.2;
				MTL_ENABLE_DEBUG_INFO = INCLUDE_SOURCE;
				MTL_FAST_MATH = YES;
				ONLY_ACTIVE_ARCH = YES;
				SDKROOT = iphoneos;
				SWIFT_ACTIVE_COMPILATION_CONDITIONS = DEBUG;
				SWIFT_OPTIMIZATION_LEVEL = "-Onone";
			};
			name = Debug;
		};
		05B4C5B829C1A62700254481 /* Release */ = {
			isa = XCBuildConfiguration;
			buildSettings = {
				ALWAYS_SEARCH_USER_PATHS = NO;
				CLANG_ANALYZER_NONNULL = YES;
				CLANG_ANALYZER_NUMBER_OBJECT_CONVERSION = YES_AGGRESSIVE;
				CLANG_CXX_LANGUAGE_STANDARD = "gnu++20";
				CLANG_ENABLE_MODULES = YES;
				CLANG_ENABLE_OBJC_ARC = YES;
				CLANG_ENABLE_OBJC_WEAK = YES;
				CLANG_WARN_BLOCK_CAPTURE_AUTORELEASING = YES;
				CLANG_WARN_BOOL_CONVERSION = YES;
				CLANG_WARN_COMMA = YES;
				CLANG_WARN_CONSTANT_CONVERSION = YES;
				CLANG_WARN_DEPRECATED_OBJC_IMPLEMENTATIONS = YES;
				CLANG_WARN_DIRECT_OBJC_ISA_USAGE = YES_ERROR;
				CLANG_WARN_DOCUMENTATION_COMMENTS = YES;
				CLANG_WARN_EMPTY_BODY = YES;
				CLANG_WARN_ENUM_CONVERSION = YES;
				CLANG_WARN_INFINITE_RECURSION = YES;
				CLANG_WARN_INT_CONVERSION = YES;
				CLANG_WARN_NON_LITERAL_NULL_CONVERSION = YES;
				CLANG_WARN_OBJC_IMPLICIT_RETAIN_SELF = YES;
				CLANG_WARN_OBJC_LITERAL_CONVERSION = YES;
				CLANG_WARN_OBJC_ROOT_CLASS = YES_ERROR;
				CLANG_WARN_QUOTED_INCLUDE_IN_FRAMEWORK_HEADER = YES;
				CLANG_WARN_RANGE_LOOP_ANALYSIS = YES;
				CLANG_WARN_STRICT_PROTOTYPES = YES;
				CLANG_WARN_SUSPICIOUS_MOVE = YES;
				CLANG_WARN_UNGUARDED_AVAILABILITY = YES_AGGRESSIVE;
				CLANG_WARN_UNREACHABLE_CODE = YES;
				CLANG_WARN__DUPLICATE_METHOD_MATCH = YES;
				COPY_PHASE_STRIP = NO;
				DEBUG_INFORMATION_FORMAT = "dwarf-with-dsym";
				ENABLE_NS_ASSERTIONS = NO;
				ENABLE_STRICT_OBJC_MSGSEND = YES;
				GCC_C_LANGUAGE_STANDARD = gnu11;
				GCC_NO_COMMON_BLOCKS = YES;
				GCC_WARN_64_TO_32_BIT_CONVERSION = YES;
				GCC_WARN_ABOUT_RETURN_TYPE = YES_ERROR;
				GCC_WARN_UNDECLARED_SELECTOR = YES;
				GCC_WARN_UNINITIALIZED_AUTOS = YES_AGGRESSIVE;
				GCC_WARN_UNUSED_FUNCTION = YES;
				GCC_WARN_UNUSED_VARIABLE = YES;
				IPHONEOS_DEPLOYMENT_TARGET = 16.2;
				MTL_ENABLE_DEBUG_INFO = NO;
				MTL_FAST_MATH = YES;
				SDKROOT = iphoneos;
				SWIFT_COMPILATION_MODE = wholemodule;
				SWIFT_OPTIMIZATION_LEVEL = "-O";
				VALIDATE_PRODUCT = YES;
			};
			name = Release;
		};
		05B4C5BA29C1A62700254481 /* Debug */ = {
			isa = XCBuildConfiguration;
			buildSettings = {
				ASSETCATALOG_COMPILER_APPICON_NAME = AppIcon;
				ASSETCATALOG_COMPILER_GLOBAL_ACCENT_COLOR_NAME = AccentColor;
				CODE_SIGN_STYLE = Automatic;
				CURRENT_PROJECT_VERSION = 1;
				DEVELOPMENT_TEAM = WA2JRYUXJG;
				GENERATE_INFOPLIST_FILE = YES;
				INFOPLIST_FILE = Cryozest/Info.plist;
				INFOPLIST_KEY_UIApplicationSupportsIndirectInputEvents = YES;
				INFOPLIST_KEY_UILaunchStoryboardName = LaunchScreen;
				INFOPLIST_KEY_UIMainStoryboardFile = Main;
				INFOPLIST_KEY_UISupportedInterfaceOrientations_iPad = "UIInterfaceOrientationPortrait UIInterfaceOrientationPortraitUpsideDown UIInterfaceOrientationLandscapeLeft UIInterfaceOrientationLandscapeRight";
				INFOPLIST_KEY_UISupportedInterfaceOrientations_iPhone = "UIInterfaceOrientationPortrait UIInterfaceOrientationLandscapeLeft UIInterfaceOrientationLandscapeRight";
				LD_RUNPATH_SEARCH_PATHS = (
					"$(inherited)",
					"@executable_path/Frameworks",
				);
				MARKETING_VERSION = 1.0;
				PRODUCT_BUNDLE_IDENTIFIER = "io.designcode.Recipe-Memories.Cryozest";
				PRODUCT_NAME = "$(TARGET_NAME)";
				SWIFT_EMIT_LOC_STRINGS = YES;
				SWIFT_VERSION = 5.0;
				TARGETED_DEVICE_FAMILY = "1,2";
			};
			name = Debug;
		};
		05B4C5BB29C1A62700254481 /* Release */ = {
			isa = XCBuildConfiguration;
			buildSettings = {
				ASSETCATALOG_COMPILER_APPICON_NAME = AppIcon;
				ASSETCATALOG_COMPILER_GLOBAL_ACCENT_COLOR_NAME = AccentColor;
				CODE_SIGN_STYLE = Automatic;
				CURRENT_PROJECT_VERSION = 1;
				DEVELOPMENT_TEAM = WA2JRYUXJG;
				GENERATE_INFOPLIST_FILE = YES;
				INFOPLIST_FILE = Cryozest/Info.plist;
				INFOPLIST_KEY_UIApplicationSupportsIndirectInputEvents = YES;
				INFOPLIST_KEY_UILaunchStoryboardName = LaunchScreen;
				INFOPLIST_KEY_UIMainStoryboardFile = Main;
				INFOPLIST_KEY_UISupportedInterfaceOrientations_iPad = "UIInterfaceOrientationPortrait UIInterfaceOrientationPortraitUpsideDown UIInterfaceOrientationLandscapeLeft UIInterfaceOrientationLandscapeRight";
				INFOPLIST_KEY_UISupportedInterfaceOrientations_iPhone = "UIInterfaceOrientationPortrait UIInterfaceOrientationLandscapeLeft UIInterfaceOrientationLandscapeRight";
				LD_RUNPATH_SEARCH_PATHS = (
					"$(inherited)",
					"@executable_path/Frameworks",
				);
				MARKETING_VERSION = 1.0;
				PRODUCT_BUNDLE_IDENTIFIER = "io.designcode.Recipe-Memories.Cryozest";
				PRODUCT_NAME = "$(TARGET_NAME)";
				SWIFT_EMIT_LOC_STRINGS = YES;
				SWIFT_VERSION = 5.0;
				TARGETED_DEVICE_FAMILY = "1,2";
			};
			name = Release;
		};
		05B4C5BD29C1A62700254481 /* Debug */ = {
			isa = XCBuildConfiguration;
			buildSettings = {
				ALWAYS_EMBED_SWIFT_STANDARD_LIBRARIES = YES;
				BUNDLE_LOADER = "$(TEST_HOST)";
				CODE_SIGN_STYLE = Automatic;
				CURRENT_PROJECT_VERSION = 1;
				DEVELOPMENT_TEAM = WA2JRYUXJG;
				GENERATE_INFOPLIST_FILE = YES;
				IPHONEOS_DEPLOYMENT_TARGET = 16.2;
				MARKETING_VERSION = 1.0;
				PRODUCT_BUNDLE_IDENTIFIER = "io.designcode.Recipe-Memories.CryozestTests";
				PRODUCT_NAME = "$(TARGET_NAME)";
				SWIFT_EMIT_LOC_STRINGS = NO;
				SWIFT_VERSION = 5.0;
				TARGETED_DEVICE_FAMILY = "1,2";
				TEST_HOST = "$(BUILT_PRODUCTS_DIR)/Cryozest.app/$(BUNDLE_EXECUTABLE_FOLDER_PATH)/Cryozest";
			};
			name = Debug;
		};
		05B4C5BE29C1A62700254481 /* Release */ = {
			isa = XCBuildConfiguration;
			buildSettings = {
				ALWAYS_EMBED_SWIFT_STANDARD_LIBRARIES = YES;
				BUNDLE_LOADER = "$(TEST_HOST)";
				CODE_SIGN_STYLE = Automatic;
				CURRENT_PROJECT_VERSION = 1;
				DEVELOPMENT_TEAM = WA2JRYUXJG;
				GENERATE_INFOPLIST_FILE = YES;
				IPHONEOS_DEPLOYMENT_TARGET = 16.2;
				MARKETING_VERSION = 1.0;
				PRODUCT_BUNDLE_IDENTIFIER = "io.designcode.Recipe-Memories.CryozestTests";
				PRODUCT_NAME = "$(TARGET_NAME)";
				SWIFT_EMIT_LOC_STRINGS = NO;
				SWIFT_VERSION = 5.0;
				TARGETED_DEVICE_FAMILY = "1,2";
				TEST_HOST = "$(BUILT_PRODUCTS_DIR)/Cryozest.app/$(BUNDLE_EXECUTABLE_FOLDER_PATH)/Cryozest";
			};
			name = Release;
		};
		05B4C5C029C1A62700254481 /* Debug */ = {
			isa = XCBuildConfiguration;
			buildSettings = {
				ALWAYS_EMBED_SWIFT_STANDARD_LIBRARIES = YES;
				CODE_SIGN_STYLE = Automatic;
				CURRENT_PROJECT_VERSION = 1;
				DEVELOPMENT_TEAM = WA2JRYUXJG;
				GENERATE_INFOPLIST_FILE = YES;
				MARKETING_VERSION = 1.0;
				PRODUCT_BUNDLE_IDENTIFIER = "io.designcode.Recipe-Memories.CryozestUITests";
				PRODUCT_NAME = "$(TARGET_NAME)";
				SWIFT_EMIT_LOC_STRINGS = NO;
				SWIFT_VERSION = 5.0;
				TARGETED_DEVICE_FAMILY = "1,2";
				TEST_TARGET_NAME = Cryozest;
			};
			name = Debug;
		};
		05B4C5C129C1A62700254481 /* Release */ = {
			isa = XCBuildConfiguration;
			buildSettings = {
				ALWAYS_EMBED_SWIFT_STANDARD_LIBRARIES = YES;
				CODE_SIGN_STYLE = Automatic;
				CURRENT_PROJECT_VERSION = 1;
				DEVELOPMENT_TEAM = WA2JRYUXJG;
				GENERATE_INFOPLIST_FILE = YES;
				MARKETING_VERSION = 1.0;
				PRODUCT_BUNDLE_IDENTIFIER = "io.designcode.Recipe-Memories.CryozestUITests";
				PRODUCT_NAME = "$(TARGET_NAME)";
				SWIFT_EMIT_LOC_STRINGS = NO;
				SWIFT_VERSION = 5.0;
				TARGETED_DEVICE_FAMILY = "1,2";
				TEST_TARGET_NAME = Cryozest;
			};
			name = Release;
		};
/* End XCBuildConfiguration section */

/* Begin XCConfigurationList section */
		05B4C58A29C1A62300254481 /* Build configuration list for PBXProject "Cryozest" */ = {
			isa = XCConfigurationList;
			buildConfigurations = (
				05B4C5B729C1A62700254481 /* Debug */,
				05B4C5B829C1A62700254481 /* Release */,
			);
			defaultConfigurationIsVisible = 0;
			defaultConfigurationName = Release;
		};
		05B4C5B929C1A62700254481 /* Build configuration list for PBXNativeTarget "Cryozest" */ = {
			isa = XCConfigurationList;
			buildConfigurations = (
				05B4C5BA29C1A62700254481 /* Debug */,
				05B4C5BB29C1A62700254481 /* Release */,
			);
			defaultConfigurationIsVisible = 0;
			defaultConfigurationName = Release;
		};
		05B4C5BC29C1A62700254481 /* Build configuration list for PBXNativeTarget "CryozestTests" */ = {
			isa = XCConfigurationList;
			buildConfigurations = (
				05B4C5BD29C1A62700254481 /* Debug */,
				05B4C5BE29C1A62700254481 /* Release */,
			);
			defaultConfigurationIsVisible = 0;
			defaultConfigurationName = Release;
		};
		05B4C5BF29C1A62700254481 /* Build configuration list for PBXNativeTarget "CryozestUITests" */ = {
			isa = XCConfigurationList;
			buildConfigurations = (
				05B4C5C029C1A62700254481 /* Debug */,
				05B4C5C129C1A62700254481 /* Release */,
			);
			defaultConfigurationIsVisible = 0;
			defaultConfigurationName = Release;
		};
/* End XCConfigurationList section */
	};
	rootObject = 05B4C58729C1A62300254481 /* Project object */;
}
